
Microsoft Visual Studio Solution File, Format Version 12.00
# Visual Studio Version 16
VisualStudioVersion = 16.0.29911.84
MinimumVisualStudioVersion = 10.0.40219.1
Project("{FAE04EC0-301F-11D3-BF4B-00C04F79EFBC}") = "PI", "PI.csproj", "{4A126801-7E2C-4CE2-A40C-FCF4AA755B93}"
EndProject
Global
	GlobalSection(SolutionConfigurationPlatforms) = preSolution
		Debug|Any CPU = Debug|Any CPU
		Release|Any CPU = Release|Any CPU
	EndGlobalSection
	GlobalSection(ProjectConfigurationPlatforms) = postSolution
		{4A126801-7E2C-4CE2-A40C-FCF4AA755B93}.Debug|Any CPU.ActiveCfg = Debug|Any CPU
		{4A126801-7E2C-4CE2-A40C-FCF4AA755B93}.Debug|Any CPU.Build.0 = Debug|Any CPU
		{4A126801-7E2C-4CE2-A40C-FCF4AA755B93}.Release|Any CPU.ActiveCfg = Release|Any CPU
		{4A126801-7E2C-4CE2-A40C-FCF4AA755B93}.Release|Any CPU.Build.0 = Release|Any CPU
	EndGlobalSection
	GlobalSection(SolutionProperties) = preSolution
		HideSolutionNode = FALSE
	EndGlobalSection
	GlobalSection(ExtensibilityGlobals) = postSolution
		SolutionGuid = {871D0607-56C1-4960-A680-31D22E490AA1}
	EndGlobalSection
EndGlobal
